{
  "name": "lambda-functions",
  "version": "1.0.0",
  "lockfileVersion": 1,
  "requires": true,
  "dependencies": {
    "@types/node": {
      "version": "14.0.23",
      "resolved": "https://registry.npmjs.org/@types/node/-/node-14.0.23.tgz",
      "integrity": "sha512-Z4U8yDAl5TFkmYsZdFPdjeMa57NOvnaf1tljHzhouaPEp7LCj2JKkejpI1ODviIAQuW4CcQmxkQ77rnLsOOoKw=="
    },
    "qs": {
      "version": "6.9.4",
      "resolved": "https://registry.npmjs.org/qs/-/qs-6.9.4.tgz",
      "integrity": "sha512-A1kFqHekCTM7cz0udomYUoYNWjBebHm/5wzU/XqrBRBNWectVH0QIiN+NEcZ0Dte5hvzHwbr8+XQmguPhJ6WdQ=="
    },
    "stripe": {
      "version": "8.71.0",
      "resolved": "https://registry.npmjs.org/stripe/-/stripe-8.71.0.tgz",
      "integrity": "sha512-JE1+OX9yt9xg9T8uwUMKO3rffbrL6Kh3mhq4IL47C4/lxEL07/DMRjKQN3a+auKDR9YxqcBdPDSB2axr6v2ULQ==",
      "requires": {
        "@types/node": ">=8.1.0",
        "qs": "^6.6.0"
      }
    }
  }
}
